
Microsoft Visual Studio Solution File, Format Version 12.00
# Visual Studio Version 17
VisualStudioVersion = 17.14.36518.9 d17.14
MinimumVisualStudioVersion = 10.0.40219.1
Project("{FAE04EC0-301F-11D3-BF4B-00C04F79EFBC}") = "ControlStructures", "ControlStructures.csproj", "{F8D34C1A-58C2-4081-BBD4-3B1D91EA40A0}"
EndProject
Global
	GlobalSection(SolutionConfigurationPlatforms) = preSolution
		Debug|Any CPU = Debug|Any CPU
		Release|Any CPU = Release|Any CPU
	EndGlobalSection
	GlobalSection(ProjectConfigurationPlatforms) = postSolution
		{F8D34C1A-58C2-4081-BBD4-3B1D91EA40A0}.Debug|Any CPU.ActiveCfg = Debug|Any CPU
		{F8D34C1A-58C2-4081-BBD4-3B1D91EA40A0}.Debug|Any CPU.Build.0 = Debug|Any CPU
		{F8D34C1A-58C2-4081-BBD4-3B1D91EA40A0}.Release|Any CPU.ActiveCfg = Release|Any CPU
		{F8D34C1A-58C2-4081-BBD4-3B1D91EA40A0}.Release|Any CPU.Build.0 = Release|Any CPU
	EndGlobalSection
	GlobalSection(SolutionProperties) = preSolution
		HideSolutionNode = FALSE
	EndGlobalSection
	GlobalSection(ExtensibilityGlobals) = postSolution
		SolutionGuid = {BAB44AB9-DD78-493D-842F-0E6A366D0146}
	EndGlobalSection
EndGlobal
